
Microsoft Visual Studio Solution File, Format Version 12.00
# Visual Studio 15
VisualStudioVersion = 15.0.28307.779
MinimumVisualStudioVersion = 10.0.40219.1
Project("{FAE04EC0-301F-11D3-BF4B-00C04F79EFBC}") = "MedNoteWeb1", "MedNoteWeb1\MedNoteWeb1.csproj", "{B1EBCFCA-EF13-46A5-AAFE-1BB3E9173E8E}"
EndProject
Global
	GlobalSection(SolutionConfigurationPlatforms) = preSolution
		Debug|Any CPU = Debug|Any CPU
		Release|Any CPU = Release|Any CPU
	EndGlobalSection
	GlobalSection(ProjectConfigurationPlatforms) = postSolution
		{B1EBCFCA-EF13-46A5-AAFE-1BB3E9173E8E}.Debug|Any CPU.ActiveCfg = Debug|Any CPU
		{B1EBCFCA-EF13-46A5-AAFE-1BB3E9173E8E}.Debug|Any CPU.Build.0 = Debug|Any CPU
		{B1EBCFCA-EF13-46A5-AAFE-1BB3E9173E8E}.Release|Any CPU.ActiveCfg = Release|Any CPU
		{B1EBCFCA-EF13-46A5-AAFE-1BB3E9173E8E}.Release|Any CPU.Build.0 = Release|Any CPU
	EndGlobalSection
	GlobalSection(SolutionProperties) = preSolution
		HideSolutionNode = FALSE
	EndGlobalSection
	GlobalSection(ExtensibilityGlobals) = postSolution
		SolutionGuid = {E47E8202-AC71-4FC9-AD05-B0AC78E4315C}
	EndGlobalSection
EndGlobal
